// !$*UTF8*$!
{
	archiveVersion = 1;
	classes = {
	};
	objectVersion = 77;
	objects = {

/* Begin PBXContainerItemProxy section */
		7044CD6E2F7DB4B80079BDA8 /* PBXContainerItemProxy */ = {
			isa = PBXContainerItemProxy;
			containerPortal = 7044CD582F7DB4B70079BDA8 /* Project object */;
			proxyType = 1;
			remoteGlobalIDString = 7044CD5F2F7DB4B70079BDA8;
			remoteInfo = "Anime it";
		};
		7044CD782F7DB4B80079BDA8 /* PBXContainerItemProxy */ = {
			isa = PBXContainerItemProxy;
			containerPortal = 7044CD582F7DB4B70079BDA8 /* Project object */;
			proxyType = 1;
			remoteGlobalIDString = 7044CD5F2F7DB4B70079BDA8;
			remoteInfo = "Anime it";
		};
/* End PBXContainerItemProxy section */

/* Begin PBXFileReference section */
		7023C2102F9027E500447775 /* Anime it.xcodeproj */ = {isa = PBXFileReference; lastKnownFileType = "wrapper.pb-project"; path = "Anime it.xcodeproj"; sourceTree = SOURCE_ROOT; };
		7044CD602F7DB4B70079BDA8 /* Anime it.app */ = {isa = PBXFileReference; explicitFileType = wrapper.application; includeInIndex = 0; path = "Anime it.app"; sourceTree = BUILT_PRODUCTS_DIR; };
		7044CD6D2F7DB4B80079BDA8 /* Anime itTests.xctest */ = {isa = PBXFileReference; explicitFileType = wrapper.cfbundle; includeInIndex = 0; path = "Anime itTests.xctest"; sourceTree = BUILT_PRODUCTS_DIR; };
		7044CD772F7DB4B80079BDA8 /* Anime itUITests.xctest */ = {isa = PBXFileReference; explicitFileType = wrapper.cfbundle; includeInIndex = 0; path = "Anime itUITests.xctest"; sourceTree = BUILT_PRODUCTS_DIR; };
/* End PBXFileReference section */

/* Begin PBXFileSystemSynchronizedBuildFileExceptionSet section */
		7023C23A2F90280B00447775 /* Exceptions for "Anime itUITests" folder in "Anime it" target */ = {
			isa = PBXFileSystemSynchronizedBuildFileExceptionSet;
			membershipExceptions = (
				"Anime it/Anime_itApp.swift",
				"Anime it/Assets.xcassets",
				"Anime it/Data/Auth.swift",
				"Anime it/Data/Color+Extensions.swift",
				"Anime it/Data/MockData.swift",
				"Anime it/Main Page/ContentView.swift",
				"Anime it/Main Page/Login.swift",
				"Anime it/Main Page/MainTabView.swift",
				"Anime it/Main Page/Post.swift",
				"Anime it/Main Page/User.swift",
				"Anime it/Profile_page/FeedManager.swift",
				"Anime it/Profile_page/FeedView.swift",
				"Anime it/Profile_page/Image_Picker.swift",
				"Anime it/Profile_page/PostView.swift",
				"Anime it/Profile_page/ProfileHeader.swift",
				"Anime it/Profile_page/ProfileStatsView.swift",
				"Anime it/Profile_page/ProfileView.swift",
			);
			target = 7044CD5F2F7DB4B70079BDA8 /* Anime it */;
		};
		7023C23B2F90280B00447775 /* Exceptions for "Anime itUITests" folder in "Anime itUITests" target */ = {
			isa = PBXFileSystemSynchronizedBuildFileExceptionSet;
			membershipExceptions = (
				"Anime it/Anime_itApp.swift",
				"Anime it/Assets.xcassets",
				"Anime it/Data/Auth.swift",
				"Anime it/Data/Color+Extensions.swift",
				"Anime it/Data/MockData.swift",
				"Anime it/Main Page/ContentView.swift",
				"Anime it/Main Page/Login.swift",
				"Anime it/Main Page/MainTabView.swift",
				"Anime it/Main Page/Post.swift",
				"Anime it/Main Page/User.swift",
				"Anime it/Profile_page/FeedManager.swift",
				"Anime it/Profile_page/FeedView.swift",
				"Anime it/Profile_page/Image_Picker.swift",
				"Anime it/Profile_page/PostView.swift",
				"Anime it/Profile_page/ProfileHeader.swift",
				"Anime it/Profile_page/ProfileStatsView.swift",
				"Anime it/Profile_page/ProfileView.swift",
			);
			target = 7044CD762F7DB4B80079BDA8 /* Anime itUITests */;
		};
/* End PBXFileSystemSynchronizedBuildFileExceptionSet section */

/* Begin PBXFileSystemSynchronizedRootGroup section */
		7044CD702F7DB4B80079BDA8 /* Anime itTests */ = {
			isa = PBXFileSystemSynchronizedRootGroup;
			path = "Anime itTests";
			sourceTree = "<group>";
		};
		7044CD7A2F7DB4B80079BDA8 /* Anime itUITests */ = {
			isa = PBXFileSystemSynchronizedRootGroup;
			exceptions = (
				7023C23A2F90280B00447775 /* Exceptions for "Anime itUITests" folder in "Anime it" target */,
				7023C23B2F90280B00447775 /* Exceptions for "Anime itUITests" folder in "Anime itUITests" target */,
			);
			path = "Anime itUITests";
			sourceTree = "<group>";
		};
/* End PBXFileSystemSynchronizedRootGroup section */

/* Begin PBXFrameworksBuildPhase section */
		7044CD5D2F7DB4B70079BDA8 /* Frameworks */ = {
			isa = PBXFrameworksBuildPhase;
			buildActionMask = 2147483647;
			files = (
			);
			runOnlyForDeploymentPostprocessing = 0;
		};
		7044CD6A2F7DB4B80079BDA8 /* Frameworks */ = {
			isa = PBXFrameworksBuildPhase;
			buildActionMask = 2147483647;
			files = (
			);
			runOnlyForDeploymentPostprocessing = 0;
		};
		7044CD742F7DB4B80079BDA8 /* Frameworks */ = {
			isa = PBXFrameworksBuildPhase;
			buildActionMask = 2147483647;
			files = (
			);
			runOnlyForDeploymentPostprocessing = 0;
		};
/* End PBXFrameworksBuildPhase section */

/* Begin PBXGroup section */
		7044CD572F7DB4B70079BDA8 = {
			isa = PBXGroup;
			children = (
				7023C2102F9027E500447775 /* Anime it.xcodeproj */,
				7044CD702F7DB4B80079BDA8 /* Anime itTests */,
				7044CD7A2F7DB4B80079BDA8 /* Anime itUITests */,
				7044CD612F7DB4B70079BDA8 /* Products */,
			);
			sourceTree = "<group>";
		};
		7044CD612F7DB4B70079BDA8 /* Products */ = {
			isa = PBXGroup;
			children = (
				7044CD602F7DB4B70079BDA8 /* Anime it.app */,
				7044CD6D2F7DB4B80079BDA8 /* Anime itTests.xctest */,
				7044CD772F7DB4B80079BDA8 /* Anime itUITests.xctest */,
			);
			name = Products;
			sourceTree = "<group>";
		};
		70ED525E2F903A4300DD6FD2 /* Products */ = {
			isa = PBXGroup;
			name = Products;
			sourceTree = "<group>";
		};
/* End PBXGroup section */

/* Begin PBXNativeTarget section */
		7044CD5F2F7DB4B70079BDA8 /* Anime it */ = {
			isa = PBXNativeTarget;
			buildConfigurationList = 7044CD812F7DB4B80079BDA8 /* Build configuration list for PBXNativeTarget "Anime it" */;
			buildPhases = (
				7044CD5C2F7DB4B70079BDA8 /* Sources */,
				7044CD5D2F7DB4B70079BDA8 /* Frameworks */,
				7044CD5E2F7DB4B70079BDA8 /* Resources */,
			);
			buildRules = (
			);
			dependencies = (
			);
			name = "Anime it";
			packageProductDependencies = (
			);
			productName = "Anime it";
			productReference = 7044CD602F7DB4B70079BDA8 /* Anime it.app */;
			productType = "com.apple.product-type.application";
		};
		7044CD6C2F7DB4B80079BDA8 /* Anime itTests */ = {
			isa = PBXNativeTarget;
			buildConfigurationList = 7044CD842F7DB4B80079BDA8 /* Build configuration list for PBXNativeTarget "Anime itTests" */;
			buildPhases = (
				7044CD692F7DB4B80079BDA8 /* Sources */,
				7044CD6A2F7DB4B80079BDA8 /* Frameworks */,
				7044CD6B2F7DB4B80079BDA8 /* Resources */,
			);
			buildRules = (
			);
			dependencies = (
				7044CD6F2F7DB4B80079BDA8 /* PBXTargetDependency */,
			);
			fileSystemSynchronizedGroups = (
				7044CD702F7DB4B80079BDA8 /* Anime itTests */,
			);
			name = "Anime itTests";
			packageProductDependencies = (
			);
			productName = "Anime itTests";
			productReference = 7044CD6D2F7DB4B80079BDA8 /* Anime itTests.xctest */;
			productType = "com.apple.product-type.bundle.unit-test";
		};
		7044CD762F7DB4B80079BDA8 /* Anime itUITests */ = {
			isa = PBXNativeTarget;
			buildConfigurationList = 7044CD872F7DB4B80079BDA8 /* Build configuration list for PBXNativeTarget "Anime itUITests" */;
			buildPhases = (
				7044CD732F7DB4B80079BDA8 /* Sources */,
				7044CD742F7DB4B80079BDA8 /* Frameworks */,
				7044CD752F7DB4B80079BDA8 /* Resources */,
			);
			buildRules = (
			);
			dependencies = (
				7044CD792F7DB4B80079BDA8 /* PBXTargetDependency */,
			);
			fileSystemSynchronizedGroups = (
				7044CD7A2F7DB4B80079BDA8 /* Anime itUITests */,
			);
			name = "Anime itUITests";
			packageProductDependencies = (
			);
			productName = "Anime itUITests";
			productReference = 7044CD772F7DB4B80079BDA8 /* Anime itUITests.xctest */;
			productType = "com.apple.product-type.bundle.ui-testing";
		};
/* End PBXNativeTarget section */

/* Begin PBXProject section */
		7044CD582F7DB4B70079BDA8 /* Project object */ = {
			isa = PBXProject;
			attributes = {
				BuildIndependentTargetsInParallel = 1;
				LastSwiftUpdateCheck = 2620;
				LastUpgradeCheck = 2640;
				TargetAttributes = {
					7044CD5F2F7DB4B70079BDA8 = {
						CreatedOnToolsVersion = 26.2;
					};
					7044CD6C2F7DB4B80079BDA8 = {
						CreatedOnToolsVersion = 26.2;
						TestTargetID = 7044CD5F2F7DB4B70079BDA8;
					};
					7044CD762F7DB4B80079BDA8 = {
						CreatedOnToolsVersion = 26.2;
						TestTargetID = 7044CD5F2F7DB4B70079BDA8;
					};
				};
			};
			buildConfigurationList = 7044CD5B2F7DB4B70079BDA8 /* Build configuration list for PBXProject "Anime it" */;
			developmentRegion = en;
			hasScannedForEncodings = 0;
			knownRegions = (
				en,
				Base,
			);
			mainGroup = 7044CD572F7DB4B70079BDA8;
			minimizedProjectReferenceProxies = 1;
			preferredProjectObjectVersion = 77;
			productRefGroup = 7044CD612F7DB4B70079BDA8 /* Products */;
			projectDirPath = "";
			projectReferences = (
				{
					ProductGroup = 70ED525E2F903A4300DD6FD2 /* Products */;
					ProjectRef = 7023C2102F9027E500447775 /* Anime it.xcodeproj */;
				},
			);
			projectRoot = "";
			targets = (
				7044CD5F2F7DB4B70079BDA8 /* Anime it */,
				7044CD6C2F7DB4B80079BDA8 /* Anime itTests */,
				7044CD762F7DB4B80079BDA8 /* Anime itUITests */,
			);
		};
/* End PBXProject section */

/* Begin PBXResourcesBuildPhase section */
		7044CD5E2F7DB4B70079BDA8 /* Resources */ = {
			isa = PBXResourcesBuildPhase;
			buildActionMask = 2147483647;
			files = (
			);
			runOnlyForDeploymentPostprocessing = 0;
		};
		7044CD6B2F7DB4B80079BDA8 /* Resources */ = {
			isa = PBXResourcesBuildPhase;
			buildActionMask = 2147483647;
			files = (
			);
			runOnlyForDeploymentPostprocessing = 0;
		};
		7044CD752F7DB4B80079BDA8 /* Resources */ = {
			isa = PBXResourcesBuildPhase;
			buildActionMask = 2147483647;
			files = (
			);
			runOnlyForDeploymentPostprocessing = 0;
		};
/* End PBXResourcesBuildPhase section */

/* Begin PBXSourcesBuildPhase section */
		7044CD5C2F7DB4B70079BDA8 /* Sources */ = {
			isa = PBXSourcesBuildPhase;
			buildActionMask = 2147483647;
			files = (
			);
			runOnlyForDeploymentPostprocessing = 0;
		};
		7044CD692F7DB4B80079BDA8 /* Sources */ = {
			isa = PBXSourcesBuildPhase;
			buildActionMask = 2147483647;
			files = (
			);
			runOnlyForDeploymentPostprocessing = 0;
		};
		7044CD732F7DB4B80079BDA8 /* Sources */ = {
			isa = PBXSourcesBuildPhase;
			buildActionMask = 2147483647;
			files = (
			);
			runOnlyForDeploymentPostprocessing = 0;
		};
/* End PBXSourcesBuildPhase section */

/* Begin PBXTargetDependency section */
		7044CD6F2F7DB4B80079BDA8 /* PBXTargetDependency */ = {
			isa = PBXTargetDependency;
			target = 7044CD5F2F7DB4B70079BDA8 /* Anime it */;
			targetProxy = 7044CD6E2F7DB4B80079BDA8 /* PBXContainerItemProxy */;
		};
		7044CD792F7DB4B80079BDA8 /* PBXTargetDependency */ = {
			isa = PBXTargetDependency;
			target = 7044CD5F2F7DB4B70079BDA8 /* Anime it */;
			targetProxy = 7044CD782F7DB4B80079BDA8 /* PBXContainerItemProxy */;
		};
/* End PBXTargetDependency section */

/* Begin XCBuildConfiguration section */
		7044CD7F2F7DB4B80079BDA8 /* Debug */ = {
			isa = XCBuildConfiguration;
			buildSettings = {
				ALWAYS_SEARCH_USER_PATHS = NO;
				ASSETCATALOG_COMPILER_GENERATE_SWIFT_ASSET_SYMBOL_EXTENSIONS = YES;
				CLANG_ANALYZER_NONNULL = YES;
				CLANG_ANALYZER_NUMBER_OBJECT_CONVERSION = YES_AGGRESSIVE;
				CLANG_CXX_LANGUAGE_STANDARD = "gnu++20";
				CLANG_ENABLE_MODULES = YES;
				CLANG_ENABLE_OBJC_ARC = YES;
				CLANG_ENABLE_OBJC_WEAK = YES;
				CLANG_WARN_BLOCK_CAPTURE_AUTORELEASING = YES;
				CLANG_WARN_BOOL_CONVERSION = YES;
				CLANG_WARN_COMMA = YES;
				CLANG_WARN_CONSTANT_CONVERSION = YES;
				CLANG_WARN_DEPRECATED_OBJC_IMPLEMENTATIONS = YES;
				CLANG_WARN_DIRECT_OBJC_ISA_USAGE = YES_ERROR;
				CLANG_WARN_DOCUMENTATION_COMMENTS = YES;
				CLANG_WARN_EMPTY_BODY = YES;
				CLANG_WARN_ENUM_CONVERSION = YES;
				CLANG_WARN_INFINITE_RECURSION = YES;
				CLANG_WARN_INT_CONVERSION = YES;
				CLANG_WARN_NON_LITERAL_NULL_CONVERSION = YES;
				CLANG_WARN_OBJC_IMPLICIT_RETAIN_SELF = YES;
				CLANG_WARN_OBJC_LITERAL_CONVERSION = YES;
				CLANG_WARN_OBJC_ROOT_CLASS = YES_ERROR;
				CLANG_WARN_QUOTED_INCLUDE_IN_FRAMEWORK_HEADER = YES;
				CLANG_WARN_RANGE_LOOP_ANALYSIS = YES;
				CLANG_WARN_STRICT_PROTOTYPES = YES;
				CLANG_WARN_SUSPICIOUS_MOVE = YES;
				CLANG_WARN_UNGUARDED_AVAILABILITY = YES_AGGRESSIVE;
				CLANG_WARN_UNREACHABLE_CODE = YES;
				CLANG_WARN__DUPLICATE_METHOD_MATCH = YES;
				COPY_PHASE_STRIP = NO;
				DEBUG_INFORMATION_FORMAT = dwarf;
				ENABLE_STRICT_OBJC_MSGSEND = YES;
				ENABLE_TESTABILITY = YES;
				ENABLE_USER_SCRIPT_SANDBOXING = YES;
				GCC_C_LANGUAGE_STANDARD = gnu17;
				GCC_DYNAMIC_NO_PIC = NO;
				GCC_NO_COMMON_BLOCKS = YES;
				GCC_OPTIMIZATION_LEVEL = 0;
				GCC_PREPROCESSOR_DEFINITIONS = (
					"DEBUG=1",
					"$(inherited)",
				);
				GCC_WARN_64_TO_32_BIT_CONVERSION = YES;
				GCC_WARN_ABOUT_RETURN_TYPE = YES_ERROR;
				GCC_WARN_UNDECLARED_SELECTOR = YES;
				GCC_WARN_UNINITIALIZED_AUTOS = YES_AGGRESSIVE;
				GCC_WARN_UNUSED_FUNCTION = YES;
				GCC_WARN_UNUSED_VARIABLE = YES;
				IPHONEOS_DEPLOYMENT_TARGET = 26.2;
				LOCALIZATION_PREFERS_STRING_CATALOGS = YES;
				MTL_ENABLE_DEBUG_INFO = INCLUDE_SOURCE;
				MTL_FAST_MATH = YES;
				ONLY_ACTIVE_ARCH = YES;
				SDKROOT = iphoneos;
				STRING_CATALOG_GENERATE_SYMBOLS = YES;
				SWIFT_ACTIVE_COMPILATION_CONDITIONS = "DEBUG $(inherited)";
				SWIFT_OPTIMIZATION_LEVEL = "-Onone";
			};
			name = Debug;
		};
		7044CD802F7DB4B80079BDA8 /* Release */ = {
			isa = XCBuildConfiguration;
			buildSettings = {
				ALWAYS_SEARCH_USER_PATHS = NO;
				ASSETCATALOG_COMPILER_GENERATE_SWIFT_ASSET_SYMBOL_EXTENSIONS = YES;
				CLANG_ANALYZER_NONNULL = YES;
				CLANG_ANALYZER_NUMBER_OBJECT_CONVERSION = YES_AGGRESSIVE;
				CLANG_CXX_LANGUAGE_STANDARD = "gnu++20";
				CLANG_ENABLE_MODULES = YES;
				CLANG_ENABLE_OBJC_ARC = YES;
				CLANG_ENABLE_OBJC_WEAK = YES;
				CLANG_WARN_BLOCK_CAPTURE_AUTORELEASING = YES;
				CLANG_WARN_BOOL_CONVERSION = YES;
				CLANG_WARN_COMMA = YES;
				CLANG_WARN_CONSTANT_CONVERSION = YES;
				CLANG_WARN_DEPRECATED_OBJC_IMPLEMENTATIONS = YES;
				CLANG_WARN_DIRECT_OBJC_ISA_USAGE = YES_ERROR;
				CLANG_WARN_DOCUMENTATION_COMMENTS = YES;
				CLANG_WARN_EMPTY_BODY = YES;
				CLANG_WARN_ENUM_CONVERSION = YES;
				CLANG_WARN_INFINITE_RECURSION = YES;
				CLANG_WARN_INT_CONVERSION = YES;
				CLANG_WARN_NON_LITERAL_NULL_CONVERSION = YES;
				CLANG_WARN_OBJC_IMPLICIT_RETAIN_SELF = YES;
				CLANG_WARN_OBJC_LITERAL_CONVERSION = YES;
				CLANG_WARN_OBJC_ROOT_CLASS = YES_ERROR;
				CLANG_WARN_QUOTED_INCLUDE_IN_FRAMEWORK_HEADER = YES;
				CLANG_WARN_RANGE_LOOP_ANALYSIS = YES;
				CLANG_WARN_STRICT_PROTOTYPES = YES;
				CLANG_WARN_SUSPICIOUS_MOVE = YES;
				CLANG_WARN_UNGUARDED_AVAILABILITY = YES_AGGRESSIVE;
				CLANG_WARN_UNREACHABLE_CODE = YES;
				CLANG_WARN__DUPLICATE_METHOD_MATCH = YES;
				COPY_PHASE_STRIP = NO;
				DEBUG_INFORMATION_FORMAT = "dwarf-with-dsym";
				ENABLE_NS_ASSERTIONS = NO;
				ENABLE_STRICT_OBJC_MSGSEND = YES;
				ENABLE_USER_SCRIPT_SANDBOXING = YES;
				GCC_C_LANGUAGE_STANDARD = gnu17;
				GCC_NO_COMMON_BLOCKS = YES;
				GCC_WARN_64_TO_32_BIT_CONVERSION = YES;
				GCC_WARN_ABOUT_RETURN_TYPE = YES_ERROR;
				GCC_WARN_UNDECLARED_SELECTOR = YES;
				GCC_WARN_UNINITIALIZED_AUTOS = YES_AGGRESSIVE;
				GCC_WARN_UNUSED_FUNCTION = YES;
				GCC_WARN_UNUSED_VARIABLE = YES;
				IPHONEOS_DEPLOYMENT_TARGET = 26.2;
				LOCALIZATION_PREFERS_STRING_CATALOGS = YES;
				MTL_ENABLE_DEBUG_INFO = NO;
				MTL_FAST_MATH = YES;
				SDKROOT = iphoneos;
				STRING_CATALOG_GENERATE_SYMBOLS = YES;
				SWIFT_COMPILATION_MODE = wholemodule;
				VALIDATE_PRODUCT = YES;
			};
			name = Release;
		};
		7044CD822F7DB4B80079BDA8 /* Debug */ = {
			isa = XCBuildConfiguration;
			buildSettings = {
				ASSETCATALOG_COMPILER_APPICON_NAME = AppIcon;
				ASSETCATALOG_COMPILER_GLOBAL_ACCENT_COLOR_NAME = AccentColor;
				CODE_SIGN_STYLE = Automatic;
				CURRENT_PROJECT_VERSION = 1;
				ENABLE_PREVIEWS = YES;
				GENERATE_INFOPLIST_FILE = YES;
				INFOPLIST_KEY_UIApplicationSceneManifest_Generation = YES;
				INFOPLIST_KEY_UIApplicationSupportsIndirectInputEvents = YES;
				INFOPLIST_KEY_UILaunchScreen_Generation = YES;
				INFOPLIST_KEY_UISupportedInterfaceOrientations_iPad = "UIInterfaceOrientationPortrait UIInterfaceOrientationPortraitUpsideDown UIInterfaceOrientationLandscapeLeft UIInterfaceOrientationLandscapeRight";
				INFOPLIST_KEY_UISupportedInterfaceOrientations_iPhone = "UIInterfaceOrientationPortrait UIInterfaceOrientationLandscapeLeft UIInterfaceOrientationLandscapeRight";
				LD_RUNPATH_SEARCH_PATHS = (
					"$(inherited)",
					"@executable_path/Frameworks",
				);
				MARKETING_VERSION = 1.0;
				PRODUCT_BUNDLE_IDENTIFIER = "CSCI-4335.Anime-it";
				PRODUCT_NAME = "$(TARGET_NAME)";
				STRING_CATALOG_GENERATE_SYMBOLS = YES;
				SWIFT_APPROACHABLE_CONCURRENCY = YES;
				SWIFT_DEFAULT_ACTOR_ISOLATION = MainActor;
				SWIFT_EMIT_LOC_STRINGS = YES;
				SWIFT_UPCOMING_FEATURE_MEMBER_IMPORT_VISIBILITY = YES;
				SWIFT_VERSION = 5.0;
				TARGETED_DEVICE_FAMILY = "1,2";
			};
			name = Debug;
		};
		7044CD832F7DB4B80079BDA8 /* Release */ = {
			isa = XCBuildConfiguration;
			buildSettings = {
				ASSETCATALOG_COMPILER_APPICON_NAME = AppIcon;
				ASSETCATALOG_COMPILER_GLOBAL_ACCENT_COLOR_NAME = AccentColor;
				CODE_SIGN_STYLE = Automatic;
				CURRENT_PROJECT_VERSION = 1;
				ENABLE_PREVIEWS = YES;
				GENERATE_INFOPLIST_FILE = YES;
				INFOPLIST_KEY_UIApplicationSceneManifest_Generation = YES;
				INFOPLIST_KEY_UIApplicationSupportsIndirectInputEvents = YES;
				INFOPLIST_KEY_UILaunchScreen_Generation = YES;
				INFOPLIST_KEY_UISupportedInterfaceOrientations_iPad = "UIInterfaceOrientationPortrait UIInterfaceOrientationPortraitUpsideDown UIInterfaceOrientationLandscapeLeft UIInterfaceOrientationLandscapeRight";
				INFOPLIST_KEY_UISupportedInterfaceOrientations_iPhone = "UIInterfaceOrientationPortrait UIInterfaceOrientationLandscapeLeft UIInterfaceOrientationLandscapeRight";
				LD_RUNPATH_SEARCH_PATHS = (
					"$(inherited)",
					"@executable_path/Frameworks",
				);
				MARKETING_VERSION = 1.0;
				PRODUCT_BUNDLE_IDENTIFIER = "CSCI-4335.Anime-it";
				PRODUCT_NAME = "$(TARGET_NAME)";
				STRING_CATALOG_GENERATE_SYMBOLS = YES;
				SWIFT_APPROACHABLE_CONCURRENCY = YES;
				SWIFT_DEFAULT_ACTOR_ISOLATION = MainActor;
				SWIFT_EMIT_LOC_STRINGS = YES;
				SWIFT_UPCOMING_FEATURE_MEMBER_IMPORT_VISIBILITY = YES;
				SWIFT_VERSION = 5.0;
				TARGETED_DEVICE_FAMILY = "1,2";
			};
			name = Release;
		};
		7044CD852F7DB4B80079BDA8 /* Debug */ = {
			isa = XCBuildConfiguration;
			buildSettings = {
				BUNDLE_LOADER = "$(TEST_HOST)";
				CODE_SIGN_STYLE = Automatic;
				CURRENT_PROJECT_VERSION = 1;
				GENERATE_INFOPLIST_FILE = YES;
				IPHONEOS_DEPLOYMENT_TARGET = 26.2;
				MARKETING_VERSION = 1.0;
				PRODUCT_BUNDLE_IDENTIFIER = "CSCI-4335.Anime-itTests";
				PRODUCT_NAME = "$(TARGET_NAME)";
				STRING_CATALOG_GENERATE_SYMBOLS = NO;
				SWIFT_APPROACHABLE_CONCURRENCY = YES;
				SWIFT_EMIT_LOC_STRINGS = NO;
				SWIFT_UPCOMING_FEATURE_MEMBER_IMPORT_VISIBILITY = YES;
				SWIFT_VERSION = 5.0;
				TARGETED_DEVICE_FAMILY = "1,2";
				TEST_HOST = "$(BUILT_PRODUCTS_DIR)/Anime it.app/$(BUNDLE_EXECUTABLE_FOLDER_PATH)/Anime it";
			};
			name = Debug;
		};
		7044CD862F7DB4B80079BDA8 /* Release */ = {
			isa = XCBuildConfiguration;
			buildSettings = {
				BUNDLE_LOADER = "$(TEST_HOST)";
				CODE_SIGN_STYLE = Automatic;
				CURRENT_PROJECT_VERSION = 1;
				GENERATE_INFOPLIST_FILE = YES;
				IPHONEOS_DEPLOYMENT_TARGET = 26.2;
				MARKETING_VERSION = 1.0;
				PRODUCT_BUNDLE_IDENTIFIER = "CSCI-4335.Anime-itTests";
				PRODUCT_NAME = "$(TARGET_NAME)";
				STRING_CATALOG_GENERATE_SYMBOLS = NO;
				SWIFT_APPROACHABLE_CONCURRENCY = YES;
				SWIFT_EMIT_LOC_STRINGS = NO;
				SWIFT_UPCOMING_FEATURE_MEMBER_IMPORT_VISIBILITY = YES;
				SWIFT_VERSION = 5.0;
				TARGETED_DEVICE_FAMILY = "1,2";
				TEST_HOST = "$(BUILT_PRODUCTS_DIR)/Anime it.app/$(BUNDLE_EXECUTABLE_FOLDER_PATH)/Anime it";
			};
			name = Release;
		};
		7044CD882F7DB4B80079BDA8 /* Debug */ = {
			isa = XCBuildConfiguration;
			buildSettings = {
				CODE_SIGN_STYLE = Automatic;
				CURRENT_PROJECT_VERSION = 1;
				GENERATE_INFOPLIST_FILE = YES;
				MARKETING_VERSION = 1.0;
				PRODUCT_BUNDLE_IDENTIFIER = "CSCI-4335.Anime-itUITests";
				PRODUCT_NAME = "$(TARGET_NAME)";
				STRING_CATALOG_GENERATE_SYMBOLS = NO;
				SWIFT_APPROACHABLE_CONCURRENCY = YES;
				SWIFT_EMIT_LOC_STRINGS = NO;
				SWIFT_UPCOMING_FEATURE_MEMBER_IMPORT_VISIBILITY = YES;
				SWIFT_VERSION = 5.0;
				TARGETED_DEVICE_FAMILY = "1,2";
				TEST_TARGET_NAME = "Anime it";
			};
			name = Debug;
		};
		7044CD892F7DB4B80079BDA8 /* Release */ = {
			isa = XCBuildConfiguration;
			buildSettings = {
				CODE_SIGN_STYLE = Automatic;
				CURRENT_PROJECT_VERSION = 1;
				GENERATE_INFOPLIST_FILE = YES;
				MARKETING_VERSION = 1.0;
				PRODUCT_BUNDLE_IDENTIFIER = "CSCI-4335.Anime-itUITests";
				PRODUCT_NAME = "$(TARGET_NAME)";
				STRING_CATALOG_GENERATE_SYMBOLS = NO;
				SWIFT_APPROACHABLE_CONCURRENCY = YES;
				SWIFT_EMIT_LOC_STRINGS = NO;
				SWIFT_UPCOMING_FEATURE_MEMBER_IMPORT_VISIBILITY = YES;
				SWIFT_VERSION = 5.0;
				TARGETED_DEVICE_FAMILY = "1,2";
				TEST_TARGET_NAME = "Anime it";
			};
			name = Release;
		};
/* End XCBuildConfiguration section */

/* Begin XCConfigurationList section */
		7044CD5B2F7DB4B70079BDA8 /* Build configuration list for PBXProject "Anime it" */ = {
			isa = XCConfigurationList;
			buildConfigurations = (
				7044CD7F2F7DB4B80079BDA8 /* Debug */,
				7044CD802F7DB4B80079BDA8 /* Release */,
			);
			defaultConfigurationIsVisible = 0;
			defaultConfigurationName = Release;
		};
		7044CD812F7DB4B80079BDA8 /* Build configuration list for PBXNativeTarget "Anime it" */ = {
			isa = XCConfigurationList;
			buildConfigurations = (
				7044CD822F7DB4B80079BDA8 /* Debug */,
				7044CD832F7DB4B80079BDA8 /* Release */,
			);
			defaultConfigurationIsVisible = 0;
			defaultConfigurationName = Release;
		};
		7044CD842F7DB4B80079BDA8 /* Build configuration list for PBXNativeTarget "Anime itTests" */ = {
			isa = XCConfigurationList;
			buildConfigurations = (
				7044CD852F7DB4B80079BDA8 /* Debug */,
				7044CD862F7DB4B80079BDA8 /* Release */,
			);
			defaultConfigurationIsVisible = 0;
			defaultConfigurationName = Release;
		};
		7044CD872F7DB4B80079BDA8 /* Build configuration list for PBXNativeTarget "Anime itUITests" */ = {
			isa = XCConfigurationList;
			buildConfigurations = (
				7044CD882F7DB4B80079BDA8 /* Debug */,
				7044CD892F7DB4B80079BDA8 /* Release */,
			);
			defaultConfigurationIsVisible = 0;
			defaultConfigurationName = Release;
		};
/* End XCConfigurationList section */
	};
	rootObject = 7044CD582F7DB4B70079BDA8 /* Project object */;
}
